
Microsoft Visual Studio Solution File, Format Version 12.00
# Visual Studio 15
VisualStudioVersion = 15.0.27130.2027
MinimumVisualStudioVersion = 10.0.40219.1
Project("{9A19103F-16F7-4668-BE54-9A1E7A4F7556}") = "Bank", "Bank\Bank.csproj", "{4EB86281-A883-45D3-B755-C790BB09A46F}"
EndProject
Project("{9A19103F-16F7-4668-BE54-9A1E7A4F7556}") = "BankModels", "Models\BankModels.csproj", "{058CEEE3-0CCE-4DAA-B0C3-404D0B281DEA}"
EndProject
Project("{9A19103F-16F7-4668-BE54-9A1E7A4F7556}") = "Resources", "Resources\Resources.csproj", "{C7AC9768-8916-491D-94BE-E5EFD8DA4B4A}"
EndProject
Global
	GlobalSection(SolutionConfigurationPlatforms) = preSolution
		Debug|Any CPU = Debug|Any CPU
		Release|Any CPU = Release|Any CPU
	EndGlobalSection
	GlobalSection(ProjectConfigurationPlatforms) = postSolution
		{4EB86281-A883-45D3-B755-C790BB09A46F}.Debug|Any CPU.ActiveCfg = Debug|Any CPU
		{4EB86281-A883-45D3-B755-C790BB09A46F}.Debug|Any CPU.Build.0 = Debug|Any CPU
		{4EB86281-A883-45D3-B755-C790BB09A46F}.Release|Any CPU.ActiveCfg = Release|Any CPU
		{4EB86281-A883-45D3-B755-C790BB09A46F}.Release|Any CPU.Build.0 = Release|Any CPU
		{058CEEE3-0CCE-4DAA-B0C3-404D0B281DEA}.Debug|Any CPU.ActiveCfg = Debug|Any CPU
		{058CEEE3-0CCE-4DAA-B0C3-404D0B281DEA}.Debug|Any CPU.Build.0 = Debug|Any CPU
		{058CEEE3-0CCE-4DAA-B0C3-404D0B281DEA}.Release|Any CPU.ActiveCfg = Release|Any CPU
		{058CEEE3-0CCE-4DAA-B0C3-404D0B281DEA}.Release|Any CPU.Build.0 = Release|Any CPU
		{C7AC9768-8916-491D-94BE-E5EFD8DA4B4A}.Debug|Any CPU.ActiveCfg = Debug|Any CPU
		{C7AC9768-8916-491D-94BE-E5EFD8DA4B4A}.Debug|Any CPU.Build.0 = Debug|Any CPU
		{C7AC9768-8916-491D-94BE-E5EFD8DA4B4A}.Release|Any CPU.ActiveCfg = Release|Any CPU
		{C7AC9768-8916-491D-94BE-E5EFD8DA4B4A}.Release|Any CPU.Build.0 = Release|Any CPU
	EndGlobalSection
	GlobalSection(SolutionProperties) = preSolution
		HideSolutionNode = FALSE
	EndGlobalSection
	GlobalSection(ExtensibilityGlobals) = postSolution
		SolutionGuid = {98E650BE-DB7C-4D23-BB48-127BE5099F9E}
	EndGlobalSection
EndGlobal
